{
  "name": "novaxjs2-page-main",
  "lockfileVersion": 3,
  "requires": true,
  "packages": {
    "": {
      "dependencies": {
        "novaxjs2": "^4.5.7"
      }
    },
    "node_modules/novaxjs2": {
      "version": "4.5.7",
      "resolved": "https://registry.npmjs.org/novaxjs2/-/novaxjs2-4.5.7.tgz",
      "integrity": "sha512-r5x3U+H7ciUsKoB+6BGkcdkRIljsP6KZshusVJLqjTaJPJJtdDS+Rf/U4Ztn56R2JcqNRDTPmKysF6f+yfEyGg==",
      "license": "ISC"
    }
  }
}
